
Microsoft Visual Studio Solution File, Format Version 12.00
# Visual Studio 15
VisualStudioVersion = 15.0.28010.2050
MinimumVisualStudioVersion = 10.0.40219.1
Project("{FAE04EC0-301F-11D3-BF4B-00C04F79EFBC}") = "FileMonitor", "FileMonitor\FileMonitor.csproj", "{0DDD795F-9549-4DFD-B376-861B2668E827}"
EndProject
Global
	GlobalSection(SolutionConfigurationPlatforms) = preSolution
		Debug|Any CPU = Debug|Any CPU
		Release|Any CPU = Release|Any CPU
	EndGlobalSection
	GlobalSection(ProjectConfigurationPlatforms) = postSolution
		{0DDD795F-9549-4DFD-B376-861B2668E827}.Debug|Any CPU.ActiveCfg = Debug|Any CPU
		{0DDD795F-9549-4DFD-B376-861B2668E827}.Debug|Any CPU.Build.0 = Debug|Any CPU
		{0DDD795F-9549-4DFD-B376-861B2668E827}.Release|Any CPU.ActiveCfg = Release|Any CPU
		{0DDD795F-9549-4DFD-B376-861B2668E827}.Release|Any CPU.Build.0 = Release|Any CPU
	EndGlobalSection
	GlobalSection(SolutionProperties) = preSolution
		HideSolutionNode = FALSE
	EndGlobalSection
	GlobalSection(ExtensibilityGlobals) = postSolution
		SolutionGuid = {78C6C329-9358-4586-B4F0-C3AE3B0BF952}
	EndGlobalSection
EndGlobal
